
Microsoft Visual Studio Solution File, Format Version 12.00
# Visual Studio Version 17
VisualStudioVersion = 17.2.32519.379
MinimumVisualStudioVersion = 10.0.40219.1
Project("{FAE04EC0-301F-11D3-BF4B-00C04F79EFBC}") = "AET.Unity.GoogleSheetsReader.2022", "AET.Unity.GoogleSheetsReader\AET.Unity.GoogleSheetsReader.2022.csproj", "{336ED991-9AC1-496D-B23C-91EE14F95225}"
EndProject
Project("{FAE04EC0-301F-11D3-BF4B-00C04F79EFBC}") = "AET.Unity.GoogleSheetsReader.Tests", "AET.Unity.GoogleSheetsReader.Tests\AET.Unity.GoogleSheetsReader.Tests.csproj", "{833AD046-6E27-4A16-B8F7-4FA93C285861}"
EndProject
Global
	GlobalSection(SolutionConfigurationPlatforms) = preSolution
		Debug|Any CPU = Debug|Any CPU
		Debug|x86 = Debug|x86
		Release|Any CPU = Release|Any CPU
		Release|x86 = Release|x86
	EndGlobalSection
	GlobalSection(ProjectConfigurationPlatforms) = postSolution
		{336ED991-9AC1-496D-B23C-91EE14F95225}.Debug|Any CPU.ActiveCfg = Debug|Any CPU
		{336ED991-9AC1-496D-B23C-91EE14F95225}.Debug|Any CPU.Build.0 = Debug|Any CPU
		{336ED991-9AC1-496D-B23C-91EE14F95225}.Debug|x86.ActiveCfg = Debug|Any CPU
		{336ED991-9AC1-496D-B23C-91EE14F95225}.Debug|x86.Build.0 = Debug|Any CPU
		{336ED991-9AC1-496D-B23C-91EE14F95225}.Release|Any CPU.ActiveCfg = Release|Any CPU
		{336ED991-9AC1-496D-B23C-91EE14F95225}.Release|Any CPU.Build.0 = Release|Any CPU
		{336ED991-9AC1-496D-B23C-91EE14F95225}.Release|x86.ActiveCfg = Release|Any CPU
		{336ED991-9AC1-496D-B23C-91EE14F95225}.Release|x86.Build.0 = Release|Any CPU
		{833AD046-6E27-4A16-B8F7-4FA93C285861}.Debug|Any CPU.ActiveCfg = Debug|Any CPU
		{833AD046-6E27-4A16-B8F7-4FA93C285861}.Debug|Any CPU.Build.0 = Debug|Any CPU
		{833AD046-6E27-4A16-B8F7-4FA93C285861}.Debug|x86.ActiveCfg = Debug|Any CPU
		{833AD046-6E27-4A16-B8F7-4FA93C285861}.Debug|x86.Build.0 = Debug|Any CPU
		{833AD046-6E27-4A16-B8F7-4FA93C285861}.Release|Any CPU.ActiveCfg = Release|Any CPU
		{833AD046-6E27-4A16-B8F7-4FA93C285861}.Release|Any CPU.Build.0 = Release|Any CPU
		{833AD046-6E27-4A16-B8F7-4FA93C285861}.Release|x86.ActiveCfg = Release|Any CPU
		{833AD046-6E27-4A16-B8F7-4FA93C285861}.Release|x86.Build.0 = Release|Any CPU
	EndGlobalSection
	GlobalSection(SolutionProperties) = preSolution
		HideSolutionNode = FALSE
	EndGlobalSection
	GlobalSection(ExtensibilityGlobals) = postSolution
		SolutionGuid = {5E078F86-53E2-45C2-8E1C-884AF68B321D}
	EndGlobalSection
EndGlobal
